{
  "name": "ast",
  "version": "1.0.0",
  "lockfileVersion": 1,
  "requires": true,
  "dependencies": {
    "@babel/parser": {
      "version": "7.12.3",
      "resolved": "http://r.tnpm.oa.com/@babel%2fparser/-/parser-7.12.3.tgz",
      "integrity": "sha512-kFsOS0IbsuhO5ojF8Hc8z/8vEIOkylVBrjiZUbLTE3XFe0Qi+uu6HjzQixkFaqr0ZPAMZcBVxEwmsnsLPZ2Xsw==",
      "dev": true
    }
  }
}
